
Microsoft Visual Studio Solution File, Format Version 12.00
# Visual Studio 2013
VisualStudioVersion = 12.0.21005.1
MinimumVisualStudioVersion = 10.0.40219.1
Project("{FAE04EC0-301F-11D3-BF4B-00C04F79EFBC}") = "Tests", "Tests\Tests.csproj", "{08F74BD7-1D84-4211-A6F4-F0C59B966232}"
EndProject
Project("{2150E333-8FDC-42A3-9474-1A3956D46DE8}") = ".nuget", ".nuget", "{5C059A7C-7C1F-44EC-8464-31E0E92189FD}"
EndProject
Project("{FAE04EC0-301F-11D3-BF4B-00C04F79EFBC}") = "SqlFu45", "SqlFu\SqlFu45.csproj", "{CB60CDE9-9BA9-4907-93A6-1EA4DFD9AF58}"
EndProject
Project("{2150E333-8FDC-42A3-9474-1A3956D46DE8}") = "Solution Items", "Solution Items", "{5017866F-10A8-4086-B7F0-7ADBA7295EBB}"
	ProjectSection(SolutionItems) = preProject
		..\README.markdown = ..\README.markdown
	EndProjectSection
EndProject
Global
	GlobalSection(SolutionConfigurationPlatforms) = preSolution
		Debug|Any CPU = Debug|Any CPU
		Debug|Mixed Platforms = Debug|Mixed Platforms
		Debug|x86 = Debug|x86
		Release|Any CPU = Release|Any CPU
		Release|Mixed Platforms = Release|Mixed Platforms
		Release|x86 = Release|x86
	EndGlobalSection
	GlobalSection(ProjectConfigurationPlatforms) = postSolution
		{08F74BD7-1D84-4211-A6F4-F0C59B966232}.Debug|Any CPU.ActiveCfg = Debug|Any CPU
		{08F74BD7-1D84-4211-A6F4-F0C59B966232}.Debug|Any CPU.Build.0 = Debug|Any CPU
		{08F74BD7-1D84-4211-A6F4-F0C59B966232}.Debug|Mixed Platforms.ActiveCfg = Debug|Any CPU
		{08F74BD7-1D84-4211-A6F4-F0C59B966232}.Debug|Mixed Platforms.Build.0 = Debug|Any CPU
		{08F74BD7-1D84-4211-A6F4-F0C59B966232}.Debug|x86.ActiveCfg = Debug|Any CPU
		{08F74BD7-1D84-4211-A6F4-F0C59B966232}.Release|Any CPU.ActiveCfg = Release|Any CPU
		{08F74BD7-1D84-4211-A6F4-F0C59B966232}.Release|Any CPU.Build.0 = Release|Any CPU
		{08F74BD7-1D84-4211-A6F4-F0C59B966232}.Release|Mixed Platforms.ActiveCfg = Debug|Any CPU
		{08F74BD7-1D84-4211-A6F4-F0C59B966232}.Release|x86.ActiveCfg = Release|Any CPU
		{CB60CDE9-9BA9-4907-93A6-1EA4DFD9AF58}.Debug|Any CPU.ActiveCfg = Debug|Any CPU
		{CB60CDE9-9BA9-4907-93A6-1EA4DFD9AF58}.Debug|Any CPU.Build.0 = Debug|Any CPU
		{CB60CDE9-9BA9-4907-93A6-1EA4DFD9AF58}.Debug|Mixed Platforms.ActiveCfg = Debug|Any CPU
		{CB60CDE9-9BA9-4907-93A6-1EA4DFD9AF58}.Debug|Mixed Platforms.Build.0 = Debug|Any CPU
		{CB60CDE9-9BA9-4907-93A6-1EA4DFD9AF58}.Debug|x86.ActiveCfg = Debug|Any CPU
		{CB60CDE9-9BA9-4907-93A6-1EA4DFD9AF58}.Release|Any CPU.ActiveCfg = Release|Any CPU
		{CB60CDE9-9BA9-4907-93A6-1EA4DFD9AF58}.Release|Any CPU.Build.0 = Release|Any CPU
		{CB60CDE9-9BA9-4907-93A6-1EA4DFD9AF58}.Release|Mixed Platforms.ActiveCfg = Release|Any CPU
		{CB60CDE9-9BA9-4907-93A6-1EA4DFD9AF58}.Release|Mixed Platforms.Build.0 = Release|Any CPU
		{CB60CDE9-9BA9-4907-93A6-1EA4DFD9AF58}.Release|x86.ActiveCfg = Release|Any CPU
	EndGlobalSection
	GlobalSection(SolutionProperties) = preSolution
		HideSolutionNode = FALSE
	EndGlobalSection
EndGlobal
