
Microsoft Visual Studio Solution File, Format Version 12.00
# Visual Studio 15
VisualStudioVersion = 15.0.26730.12
MinimumVisualStudioVersion = 10.0.40219.1
Project("{2150E333-8FDC-42A3-9474-1A3956D46DE8}") = "Solution Items", "Solution Items", "{AE47A455-5944-4E21-87F2-0AF68961EE57}"
	ProjectSection(SolutionItems) = preProject
		..\appveyor.yml = ..\appveyor.yml
		..\README.markdown = ..\README.markdown
	EndProjectSection
EndProject
Project("{9A19103F-16F7-4668-BE54-9A1E7A4F7556}") = "SqlFu", "SqlFu\SqlFu.csproj", "{AFC4B895-1F9D-4900-A895-00B39982AA2A}"
EndProject
Project("{9A19103F-16F7-4668-BE54-9A1E7A4F7556}") = "Tests", "Tests\Tests.csproj", "{8308096C-7B49-4604-8F9C-44BA52C1A229}"
EndProject
Project("{9A19103F-16F7-4668-BE54-9A1E7A4F7556}") = "Tests.SqlServer", "Tests.SqlServer\Tests.SqlServer.csproj", "{1F27D35F-B298-493C-9C36-0522D00C8830}"
EndProject
Global
	GlobalSection(SolutionConfigurationPlatforms) = preSolution
		Debug|Any CPU = Debug|Any CPU
		Release|Any CPU = Release|Any CPU
	EndGlobalSection
	GlobalSection(ProjectConfigurationPlatforms) = postSolution
		{AFC4B895-1F9D-4900-A895-00B39982AA2A}.Debug|Any CPU.ActiveCfg = Debug|Any CPU
		{AFC4B895-1F9D-4900-A895-00B39982AA2A}.Debug|Any CPU.Build.0 = Debug|Any CPU
		{AFC4B895-1F9D-4900-A895-00B39982AA2A}.Release|Any CPU.ActiveCfg = Release|Any CPU
		{AFC4B895-1F9D-4900-A895-00B39982AA2A}.Release|Any CPU.Build.0 = Release|Any CPU
		{8308096C-7B49-4604-8F9C-44BA52C1A229}.Debug|Any CPU.ActiveCfg = Debug|Any CPU
		{8308096C-7B49-4604-8F9C-44BA52C1A229}.Debug|Any CPU.Build.0 = Debug|Any CPU
		{8308096C-7B49-4604-8F9C-44BA52C1A229}.Release|Any CPU.ActiveCfg = Release|Any CPU
		{8308096C-7B49-4604-8F9C-44BA52C1A229}.Release|Any CPU.Build.0 = Release|Any CPU
		{1F27D35F-B298-493C-9C36-0522D00C8830}.Debug|Any CPU.ActiveCfg = Debug|Any CPU
		{1F27D35F-B298-493C-9C36-0522D00C8830}.Debug|Any CPU.Build.0 = Debug|Any CPU
		{1F27D35F-B298-493C-9C36-0522D00C8830}.Release|Any CPU.ActiveCfg = Release|Any CPU
		{1F27D35F-B298-493C-9C36-0522D00C8830}.Release|Any CPU.Build.0 = Release|Any CPU
	EndGlobalSection
	GlobalSection(SolutionProperties) = preSolution
		HideSolutionNode = FALSE
	EndGlobalSection
	GlobalSection(ExtensibilityGlobals) = postSolution
		SolutionGuid = {C63FE447-B477-45E1-AD05-449269E9B7C8}
	EndGlobalSection
EndGlobal
